<Solution>
  <Folder Name="/Actions/">
    <File Path=".github/workflows/build.yml" />
    <File Path=".github/workflows/publish.yml" />
  </Folder>
  <Folder Name="/Solution Items/">
    <File Path=".editorconfig" />
    <File Path=".gitignore" />
    <File Path=".runsettings" />
    <File Path=".runsettings.example" />
    <File Path="AGENTS.md" />
    <File Path="CONTRIBUTING.md" />
    <File Path="global.json" />
    <File Path="README.md" />
  </Folder>
  <Folder Name="/src/">
    <Project Path="src/Todoist.Net.Tests/Todoist.Net.Tests.csproj" />
    <Project Path="src/Todoist.Net/Todoist.Net.csproj" />
  </Folder>
</Solution>
