<Solution>
  <Folder Name="/Solution Items/">
    <File Path=".github/workflows/ci.yml" />
    <File Path=".github/workflows/publish.yml" />
    <File Path=".editorconfig" />
    <File Path=".gitignore" />
    <File Path=".runsettings" />
    <File Path="README.md" />
  </Folder>
  <Folder Name="/src/">
    <Project Path="src/Todoist.Net.Tests/Todoist.Net.Tests.csproj" />
    <Project Path="src/Todoist.Net/Todoist.Net.csproj" />
  </Folder>
  <Project Path="build/_build.csproj">
    <Build Project="false" />
  </Project>
</Solution>
